
Microsoft Visual Studio Solution File, Format Version 12.00
# Visual Studio 15
VisualStudioVersion = 15.0.27130.2020
MinimumVisualStudioVersion = 10.0.40219.1
Project("{FAE04EC0-301F-11D3-BF4B-00C04F79EFBC}") = "HelloSoftUni", "HelloSoftUni\HelloSoftUni.csproj", "{EA72BD5E-CCA6-4C82-9836-07E2C7F61F3D}"
EndProject
Project("{FAE04EC0-301F-11D3-BF4B-00C04F79EFBC}") = "Expression", "Expression\Expression.csproj", "{0FBA3854-1DD3-4A5A-BC99-02E95DA6CE72}"
EndProject
Project("{FAE04EC0-301F-11D3-BF4B-00C04F79EFBC}") = "Num1to20", "Num1to20\Num1to20.csproj", "{60DE2E47-2888-41A4-BA0E-FB38F6ED5C33}"
EndProject
Project("{FAE04EC0-301F-11D3-BF4B-00C04F79EFBC}") = "TriaggleOf55Stars", "TriaggleOf55Stars\TriaggleOf55Stars.csproj", "{1AA73BFD-FC05-4ACA-873B-0A57435E0731}"
EndProject
Project("{FAE04EC0-301F-11D3-BF4B-00C04F79EFBC}") = "SArea", "SArea\SArea.csproj", "{433DF633-CA63-4C43-AF91-54012D43101F}"
EndProject
Project("{FAE04EC0-301F-11D3-BF4B-00C04F79EFBC}") = "RectangleFromStars", "RectangleFromStars\RectangleFromStars.csproj", "{3A47248D-F4F5-4466-8AF8-3C6E0F8FB6F6}"
EndProject
Global
	GlobalSection(SolutionConfigurationPlatforms) = preSolution
		Debug|Any CPU = Debug|Any CPU
		Release|Any CPU = Release|Any CPU
	EndGlobalSection
	GlobalSection(ProjectConfigurationPlatforms) = postSolution
		{EA72BD5E-CCA6-4C82-9836-07E2C7F61F3D}.Debug|Any CPU.ActiveCfg = Debug|Any CPU
		{EA72BD5E-CCA6-4C82-9836-07E2C7F61F3D}.Debug|Any CPU.Build.0 = Debug|Any CPU
		{EA72BD5E-CCA6-4C82-9836-07E2C7F61F3D}.Release|Any CPU.ActiveCfg = Release|Any CPU
		{EA72BD5E-CCA6-4C82-9836-07E2C7F61F3D}.Release|Any CPU.Build.0 = Release|Any CPU
		{0FBA3854-1DD3-4A5A-BC99-02E95DA6CE72}.Debug|Any CPU.ActiveCfg = Debug|Any CPU
		{0FBA3854-1DD3-4A5A-BC99-02E95DA6CE72}.Debug|Any CPU.Build.0 = Debug|Any CPU
		{0FBA3854-1DD3-4A5A-BC99-02E95DA6CE72}.Release|Any CPU.ActiveCfg = Release|Any CPU
		{0FBA3854-1DD3-4A5A-BC99-02E95DA6CE72}.Release|Any CPU.Build.0 = Release|Any CPU
		{60DE2E47-2888-41A4-BA0E-FB38F6ED5C33}.Debug|Any CPU.ActiveCfg = Debug|Any CPU
		{60DE2E47-2888-41A4-BA0E-FB38F6ED5C33}.Debug|Any CPU.Build.0 = Debug|Any CPU
		{60DE2E47-2888-41A4-BA0E-FB38F6ED5C33}.Release|Any CPU.ActiveCfg = Release|Any CPU
		{60DE2E47-2888-41A4-BA0E-FB38F6ED5C33}.Release|Any CPU.Build.0 = Release|Any CPU
		{1AA73BFD-FC05-4ACA-873B-0A57435E0731}.Debug|Any CPU.ActiveCfg = Debug|Any CPU
		{1AA73BFD-FC05-4ACA-873B-0A57435E0731}.Debug|Any CPU.Build.0 = Debug|Any CPU
		{1AA73BFD-FC05-4ACA-873B-0A57435E0731}.Release|Any CPU.ActiveCfg = Release|Any CPU
		{1AA73BFD-FC05-4ACA-873B-0A57435E0731}.Release|Any CPU.Build.0 = Release|Any CPU
		{433DF633-CA63-4C43-AF91-54012D43101F}.Debug|Any CPU.ActiveCfg = Debug|Any CPU
		{433DF633-CA63-4C43-AF91-54012D43101F}.Debug|Any CPU.Build.0 = Debug|Any CPU
		{433DF633-CA63-4C43-AF91-54012D43101F}.Release|Any CPU.ActiveCfg = Release|Any CPU
		{433DF633-CA63-4C43-AF91-54012D43101F}.Release|Any CPU.Build.0 = Release|Any CPU
		{3A47248D-F4F5-4466-8AF8-3C6E0F8FB6F6}.Debug|Any CPU.ActiveCfg = Debug|Any CPU
		{3A47248D-F4F5-4466-8AF8-3C6E0F8FB6F6}.Debug|Any CPU.Build.0 = Debug|Any CPU
		{3A47248D-F4F5-4466-8AF8-3C6E0F8FB6F6}.Release|Any CPU.ActiveCfg = Release|Any CPU
		{3A47248D-F4F5-4466-8AF8-3C6E0F8FB6F6}.Release|Any CPU.Build.0 = Release|Any CPU
	EndGlobalSection
	GlobalSection(SolutionProperties) = preSolution
		HideSolutionNode = FALSE
	EndGlobalSection
	GlobalSection(ExtensibilityGlobals) = postSolution
		SolutionGuid = {25238EAD-4F3B-4FBA-A368-80FE72A7A3AC}
	EndGlobalSection
EndGlobal
